
Microsoft Visual Studio Solution File, Format Version 12.00
# Visual Studio 16
Project("{FAE04EC0-301F-11D3-BF4B-00C04F79EFBC}") = "Assembly-CSharp", "Assembly-CSharp.csproj", "{050D1D85-AE3A-B04D-5719-08373E1A845C}"
EndProject
Project("{FAE04EC0-301F-11D3-BF4B-00C04F79EFBC}") = "Assembly-CSharp-Editor", "Assembly-CSharp-Editor.csproj", "{11386E4B-8687-225B-D9DA-996206D555AA}"
EndProject
Global
	GlobalSection(SolutionConfigurationPlatforms) = preSolution
		Debug|Any CPU = Debug|Any CPU
		Release|Any CPU = Release|Any CPU
	EndGlobalSection
	GlobalSection(ProjectConfigurationPlatforms) = postSolution
		{050D1D85-AE3A-B04D-5719-08373E1A845C}.Debug|Any CPU.ActiveCfg = Debug|Any CPU
		{050D1D85-AE3A-B04D-5719-08373E1A845C}.Debug|Any CPU.Build.0 = Debug|Any CPU
		{050D1D85-AE3A-B04D-5719-08373E1A845C}.Release|Any CPU.ActiveCfg = Release|Any CPU
		{050D1D85-AE3A-B04D-5719-08373E1A845C}.Release|Any CPU.Build.0 = Release|Any CPU
		{11386E4B-8687-225B-D9DA-996206D555AA}.Debug|Any CPU.ActiveCfg = Debug|Any CPU
		{11386E4B-8687-225B-D9DA-996206D555AA}.Debug|Any CPU.Build.0 = Debug|Any CPU
		{11386E4B-8687-225B-D9DA-996206D555AA}.Release|Any CPU.ActiveCfg = Release|Any CPU
		{11386E4B-8687-225B-D9DA-996206D555AA}.Release|Any CPU.Build.0 = Release|Any CPU
	EndGlobalSection
	GlobalSection(SolutionProperties) = preSolution
		HideSolutionNode = FALSE
	EndGlobalSection
EndGlobal
